
Microsoft Visual Studio Solution File, Format Version 12.00
# Visual Studio Version 17
VisualStudioVersion = 17.3.32825.248
MinimumVisualStudioVersion = 10.0.40219.1
Project("{FAE04EC0-301F-11D3-BF4B-00C04F79EFBC}") = "Bank", "Bank\Bank.csproj", "{C24117CF-07F2-4562-9B4A-0ECDE4D9E8F7}"
EndProject
Global
	GlobalSection(SolutionConfigurationPlatforms) = preSolution
		Debug|Any CPU = Debug|Any CPU
		Release|Any CPU = Release|Any CPU
	EndGlobalSection
	GlobalSection(ProjectConfigurationPlatforms) = postSolution
		{C24117CF-07F2-4562-9B4A-0ECDE4D9E8F7}.Debug|Any CPU.ActiveCfg = Debug|Any CPU
		{C24117CF-07F2-4562-9B4A-0ECDE4D9E8F7}.Debug|Any CPU.Build.0 = Debug|Any CPU
		{C24117CF-07F2-4562-9B4A-0ECDE4D9E8F7}.Release|Any CPU.ActiveCfg = Release|Any CPU
		{C24117CF-07F2-4562-9B4A-0ECDE4D9E8F7}.Release|Any CPU.Build.0 = Release|Any CPU
	EndGlobalSection
	GlobalSection(SolutionProperties) = preSolution
		HideSolutionNode = FALSE
	EndGlobalSection
	GlobalSection(ExtensibilityGlobals) = postSolution
		SolutionGuid = {64C0FF87-56FC-4093-A2B4-0B01525874D4}
	EndGlobalSection
EndGlobal
